
Microsoft Visual Studio Solution File, Format Version 12.00
# Visual Studio Version 16
VisualStudioVersion = 16.0.30523.141
MinimumVisualStudioVersion = 10.0.40219.1
Project("{FAE04EC0-301F-11D3-BF4B-00C04F79EFBC}") = "AkkaHost", "AkkaHost\AkkaHost.csproj", "{A5F99B75-C7BC-44A9-878F-BA6586C7434C}"
EndProject
Global
	GlobalSection(SolutionConfigurationPlatforms) = preSolution
		Debug|Any CPU = Debug|Any CPU
		Release|Any CPU = Release|Any CPU
	EndGlobalSection
	GlobalSection(ProjectConfigurationPlatforms) = postSolution
		{A5F99B75-C7BC-44A9-878F-BA6586C7434C}.Debug|Any CPU.ActiveCfg = Debug|Any CPU
		{A5F99B75-C7BC-44A9-878F-BA6586C7434C}.Debug|Any CPU.Build.0 = Debug|Any CPU
		{A5F99B75-C7BC-44A9-878F-BA6586C7434C}.Release|Any CPU.ActiveCfg = Release|Any CPU
		{A5F99B75-C7BC-44A9-878F-BA6586C7434C}.Release|Any CPU.Build.0 = Release|Any CPU
	EndGlobalSection
	GlobalSection(SolutionProperties) = preSolution
		HideSolutionNode = FALSE
	EndGlobalSection
	GlobalSection(ExtensibilityGlobals) = postSolution
		SolutionGuid = {B068D0DB-F561-44F0-A760-F2196B231E8B}
	EndGlobalSection
EndGlobal
